// !$*UTF8*$!
{
	archiveVersion = 1;
	classes = {
	};
	objectVersion = 46;
	objects = {

/* Begin PBXBuildFile section */
		67173E7E1D8DBB5900B4C3B2 /* objcvoronoiTests.swift in Sources */ = {isa = PBXBuildFile; fileRef = 67173E7D1D8DBB5900B4C3B2 /* objcvoronoiTests.swift */; };
		67B994B61DC81303002FC22F /* SiteTests.swift in Sources */ = {isa = PBXBuildFile; fileRef = 67B994B51DC81303002FC22F /* SiteTests.swift */; };
		6F58B94B1526349900923BA9 /* ClayPathMaker.m in Sources */ = {isa = PBXBuildFile; fileRef = 6F58B94A1526349900923BA9 /* ClayPathMaker.m */; };
		6F58B94E1526959A00923BA9 /* ClayRelaxer.m in Sources */ = {isa = PBXBuildFile; fileRef = 6F58B94D1526959A00923BA9 /* ClayRelaxer.m */; };
		6F7BC92E151BC2750013CDD7 /* Cocoa.framework in Frameworks */ = {isa = PBXBuildFile; fileRef = 6F7BC92D151BC2750013CDD7 /* Cocoa.framework */; };
		6F7BC938151BC2750013CDD7 /* InfoPlist.strings in Resources */ = {isa = PBXBuildFile; fileRef = 6F7BC936151BC2750013CDD7 /* InfoPlist.strings */; };
		6F7BC93A151BC2750013CDD7 /* main.m in Sources */ = {isa = PBXBuildFile; fileRef = 6F7BC939151BC2750013CDD7 /* main.m */; };
		6F7BC93E151BC2750013CDD7 /* Credits.rtf in Resources */ = {isa = PBXBuildFile; fileRef = 6F7BC93C151BC2750013CDD7 /* Credits.rtf */; };
		6F7BC941151BC2750013CDD7 /* VoronoiAppDelegate.m in Sources */ = {isa = PBXBuildFile; fileRef = 6F7BC940151BC2750013CDD7 /* VoronoiAppDelegate.m */; };
		6F7BC944151BC2760013CDD7 /* MainMenu.xib in Resources */ = {isa = PBXBuildFile; fileRef = 6F7BC942151BC2750013CDD7 /* MainMenu.xib */; };
		6F7BC951151BF67A0013CDD7 /* Voronoi.m in Sources */ = {isa = PBXBuildFile; fileRef = 6F7BC950151BF67A0013CDD7 /* Voronoi.m */; };
		6F7BC960151C1AB90013CDD7 /* RBTree.m in Sources */ = {isa = PBXBuildFile; fileRef = 6F7BC95F151C1AB90013CDD7 /* RBTree.m */; };
		6F7BC967151C1F2C0013CDD7 /* Beachsection.m in Sources */ = {isa = PBXBuildFile; fileRef = 6F7BC966151C1F2C0013CDD7 /* Beachsection.m */; };
		6F7BC96A151C1F3A0013CDD7 /* CircleEvent.m in Sources */ = {isa = PBXBuildFile; fileRef = 6F7BC969151C1F3A0013CDD7 /* CircleEvent.m */; };
		6F7BC96D151CD4130013CDD7 /* Site.m in Sources */ = {isa = PBXBuildFile; fileRef = 6F7BC96C151CD4130013CDD7 /* Site.m */; };
		6F7BC970151CE2790013CDD7 /* Cell.m in Sources */ = {isa = PBXBuildFile; fileRef = 6F7BC96F151CE2790013CDD7 /* Cell.m */; };
		6F7BC973151CE87C0013CDD7 /* VoronoiResult.m in Sources */ = {isa = PBXBuildFile; fileRef = 6F7BC972151CE87C0013CDD7 /* VoronoiResult.m */; };
		6FD9DCA01520F211006E3B85 /* Edge.m in Sources */ = {isa = PBXBuildFile; fileRef = 6FD9DC9F1520F211006E3B85 /* Edge.m */; };
		6FD9DCA71520F72C006E3B85 /* Vertex.m in Sources */ = {isa = PBXBuildFile; fileRef = 6FD9DCA61520F72C006E3B85 /* Vertex.m */; };
		6FD9DCAA15221268006E3B85 /* Halfedge.m in Sources */ = {isa = PBXBuildFile; fileRef = 6FD9DCA915221268006E3B85 /* Halfedge.m */; };
		6FD9DCAE15225267006E3B85 /* VoronoiController.m in Sources */ = {isa = PBXBuildFile; fileRef = 6FD9DCAD15225267006E3B85 /* VoronoiController.m */; };
		6FD9DCB115225663006E3B85 /* VoronoiView.m in Sources */ = {isa = PBXBuildFile; fileRef = 6FD9DCB015225663006E3B85 /* VoronoiView.m */; };
/* End PBXBuildFile section */

/* Begin PBXContainerItemProxy section */
		67173E801D8DBB5900B4C3B2 /* PBXContainerItemProxy */ = {
			isa = PBXContainerItemProxy;
			containerPortal = 6F7BC920151BC2750013CDD7 /* Project object */;
			proxyType = 1;
			remoteGlobalIDString = 6F7BC928151BC2750013CDD7;
			remoteInfo = objcvoronoi;
		};
/* End PBXContainerItemProxy section */

/* Begin PBXFileReference section */
		67173E7B1D8DBB5900B4C3B2 /* objcvoronoiTests.xctest */ = {isa = PBXFileReference; explicitFileType = wrapper.cfbundle; includeInIndex = 0; path = objcvoronoiTests.xctest; sourceTree = BUILT_PRODUCTS_DIR; };
		67173E7D1D8DBB5900B4C3B2 /* objcvoronoiTests.swift */ = {isa = PBXFileReference; lastKnownFileType = sourcecode.swift; path = objcvoronoiTests.swift; sourceTree = "<group>"; };
		67173E7F1D8DBB5900B4C3B2 /* Info.plist */ = {isa = PBXFileReference; lastKnownFileType = text.plist.xml; path = Info.plist; sourceTree = "<group>"; };
		67B994B51DC81303002FC22F /* SiteTests.swift */ = {isa = PBXFileReference; fileEncoding = 4; lastKnownFileType = sourcecode.swift; path = SiteTests.swift; sourceTree = "<group>"; };
		67B994B71DC818B0002FC22F /* objcvoronoi-Bridging-Header.h */ = {isa = PBXFileReference; lastKnownFileType = sourcecode.c.h; path = "objcvoronoi-Bridging-Header.h"; sourceTree = "<group>"; };
		6F58B9491526349900923BA9 /* ClayPathMaker.h */ = {isa = PBXFileReference; fileEncoding = 4; lastKnownFileType = sourcecode.c.h; path = ClayPathMaker.h; sourceTree = "<group>"; };
		6F58B94A1526349900923BA9 /* ClayPathMaker.m */ = {isa = PBXFileReference; fileEncoding = 4; lastKnownFileType = sourcecode.c.objc; path = ClayPathMaker.m; sourceTree = "<group>"; };
		6F58B94C1526959A00923BA9 /* ClayRelaxer.h */ = {isa = PBXFileReference; fileEncoding = 4; lastKnownFileType = sourcecode.c.h; path = ClayRelaxer.h; sourceTree = "<group>"; };
		6F58B94D1526959A00923BA9 /* ClayRelaxer.m */ = {isa = PBXFileReference; fileEncoding = 4; lastKnownFileType = sourcecode.c.objc; path = ClayRelaxer.m; sourceTree = "<group>"; };
		6F7BC929151BC2750013CDD7 /* objcvoronoi.app */ = {isa = PBXFileReference; explicitFileType = wrapper.application; includeInIndex = 0; path = objcvoronoi.app; sourceTree = BUILT_PRODUCTS_DIR; };
		6F7BC92D151BC2750013CDD7 /* Cocoa.framework */ = {isa = PBXFileReference; lastKnownFileType = wrapper.framework; name = Cocoa.framework; path = System/Library/Frameworks/Cocoa.framework; sourceTree = SDKROOT; };
		6F7BC930151BC2750013CDD7 /* AppKit.framework */ = {isa = PBXFileReference; lastKnownFileType = wrapper.framework; name = AppKit.framework; path = System/Library/Frameworks/AppKit.framework; sourceTree = SDKROOT; };
		6F7BC931151BC2750013CDD7 /* CoreData.framework */ = {isa = PBXFileReference; lastKnownFileType = wrapper.framework; name = CoreData.framework; path = System/Library/Frameworks/CoreData.framework; sourceTree = SDKROOT; };
		6F7BC932151BC2750013CDD7 /* Foundation.framework */ = {isa = PBXFileReference; lastKnownFileType = wrapper.framework; name = Foundation.framework; path = System/Library/Frameworks/Foundation.framework; sourceTree = SDKROOT; };
		6F7BC935151BC2750013CDD7 /* objcvoronoi-Info.plist */ = {isa = PBXFileReference; lastKnownFileType = text.plist.xml; path = "objcvoronoi-Info.plist"; sourceTree = "<group>"; };
		6F7BC937151BC2750013CDD7 /* en */ = {isa = PBXFileReference; lastKnownFileType = text.plist.strings; name = en; path = en.lproj/InfoPlist.strings; sourceTree = "<group>"; };
		6F7BC939151BC2750013CDD7 /* main.m */ = {isa = PBXFileReference; lastKnownFileType = sourcecode.c.objc; path = main.m; sourceTree = "<group>"; };
		6F7BC93B151BC2750013CDD7 /* objcvoronoi-Prefix.pch */ = {isa = PBXFileReference; lastKnownFileType = sourcecode.c.h; path = "objcvoronoi-Prefix.pch"; sourceTree = "<group>"; };
		6F7BC93D151BC2750013CDD7 /* en */ = {isa = PBXFileReference; lastKnownFileType = text.rtf; name = en; path = en.lproj/Credits.rtf; sourceTree = "<group>"; };
		6F7BC93F151BC2750013CDD7 /* VoronoiAppDelegate.h */ = {isa = PBXFileReference; lastKnownFileType = sourcecode.c.h; path = VoronoiAppDelegate.h; sourceTree = "<group>"; };
		6F7BC940151BC2750013CDD7 /* VoronoiAppDelegate.m */ = {isa = PBXFileReference; lastKnownFileType = sourcecode.c.objc; path = VoronoiAppDelegate.m; sourceTree = "<group>"; };
		6F7BC943151BC2760013CDD7 /* en */ = {isa = PBXFileReference; lastKnownFileType = file.xib; name = en; path = en.lproj/MainMenu.xib; sourceTree = "<group>"; };
		6F7BC94F151BF67A0013CDD7 /* Voronoi.h */ = {isa = PBXFileReference; fileEncoding = 4; lastKnownFileType = sourcecode.c.h; path = Voronoi.h; sourceTree = "<group>"; };
		6F7BC950151BF67A0013CDD7 /* Voronoi.m */ = {isa = PBXFileReference; fileEncoding = 4; lastKnownFileType = sourcecode.c.objc; path = Voronoi.m; sourceTree = "<group>"; };
		6F7BC95E151C1AB90013CDD7 /* RBTree.h */ = {isa = PBXFileReference; fileEncoding = 4; lastKnownFileType = sourcecode.c.h; path = RBTree.h; sourceTree = "<group>"; };
		6F7BC95F151C1AB90013CDD7 /* RBTree.m */ = {isa = PBXFileReference; fileEncoding = 4; lastKnownFileType = sourcecode.c.objc; path = RBTree.m; sourceTree = "<group>"; };
		6F7BC965151C1F2C0013CDD7 /* Beachsection.h */ = {isa = PBXFileReference; fileEncoding = 4; lastKnownFileType = sourcecode.c.h; path = Beachsection.h; sourceTree = "<group>"; };
		6F7BC966151C1F2C0013CDD7 /* Beachsection.m */ = {isa = PBXFileReference; fileEncoding = 4; lastKnownFileType = sourcecode.c.objc; path = Beachsection.m; sourceTree = "<group>"; };
		6F7BC968151C1F3A0013CDD7 /* CircleEvent.h */ = {isa = PBXFileReference; fileEncoding = 4; lastKnownFileType = sourcecode.c.h; path = CircleEvent.h; sourceTree = "<group>"; };
		6F7BC969151C1F3A0013CDD7 /* CircleEvent.m */ = {isa = PBXFileReference; fileEncoding = 4; lastKnownFileType = sourcecode.c.objc; path = CircleEvent.m; sourceTree = "<group>"; };
		6F7BC96B151CD4130013CDD7 /* Site.h */ = {isa = PBXFileReference; fileEncoding = 4; lastKnownFileType = sourcecode.c.h; path = Site.h; sourceTree = "<group>"; };
		6F7BC96C151CD4130013CDD7 /* Site.m */ = {isa = PBXFileReference; fileEncoding = 4; lastKnownFileType = sourcecode.c.objc; path = Site.m; sourceTree = "<group>"; };
		6F7BC96E151CE2790013CDD7 /* Cell.h */ = {isa = PBXFileReference; fileEncoding = 4; lastKnownFileType = sourcecode.c.h; path = Cell.h; sourceTree = "<group>"; };
		6F7BC96F151CE2790013CDD7 /* Cell.m */ = {isa = PBXFileReference; fileEncoding = 4; lastKnownFileType = sourcecode.c.objc; path = Cell.m; sourceTree = "<group>"; };
		6F7BC971151CE87C0013CDD7 /* VoronoiResult.h */ = {isa = PBXFileReference; fileEncoding = 4; lastKnownFileType = sourcecode.c.h; path = VoronoiResult.h; sourceTree = "<group>"; };
		6F7BC972151CE87C0013CDD7 /* VoronoiResult.m */ = {isa = PBXFileReference; fileEncoding = 4; lastKnownFileType = sourcecode.c.objc; path = VoronoiResult.m; sourceTree = "<group>"; };
		6FD9DC9E1520F211006E3B85 /* Edge.h */ = {isa = PBXFileReference; fileEncoding = 4; lastKnownFileType = sourcecode.c.h; path = Edge.h; sourceTree = "<group>"; };
		6FD9DC9F1520F211006E3B85 /* Edge.m */ = {isa = PBXFileReference; fileEncoding = 4; lastKnownFileType = sourcecode.c.objc; path = Edge.m; sourceTree = "<group>"; };
		6FD9DCA51520F72C006E3B85 /* Vertex.h */ = {isa = PBXFileReference; fileEncoding = 4; lastKnownFileType = sourcecode.c.h; path = Vertex.h; sourceTree = "<group>"; };
		6FD9DCA61520F72C006E3B85 /* Vertex.m */ = {isa = PBXFileReference; fileEncoding = 4; lastKnownFileType = sourcecode.c.objc; path = Vertex.m; sourceTree = "<group>"; };
		6FD9DCA815221268006E3B85 /* Halfedge.h */ = {isa = PBXFileReference; fileEncoding = 4; lastKnownFileType = sourcecode.c.h; path = Halfedge.h; sourceTree = "<group>"; };
		6FD9DCA915221268006E3B85 /* Halfedge.m */ = {isa = PBXFileReference; fileEncoding = 4; lastKnownFileType = sourcecode.c.objc; path = Halfedge.m; sourceTree = "<group>"; };
		6FD9DCAC15225267006E3B85 /* VoronoiController.h */ = {isa = PBXFileReference; fileEncoding = 4; lastKnownFileType = sourcecode.c.h; path = VoronoiController.h; sourceTree = "<group>"; };
		6FD9DCAD15225267006E3B85 /* VoronoiController.m */ = {isa = PBXFileReference; fileEncoding = 4; lastKnownFileType = sourcecode.c.objc; path = VoronoiController.m; sourceTree = "<group>"; };
		6FD9DCAF15225663006E3B85 /* VoronoiView.h */ = {isa = PBXFileReference; fileEncoding = 4; lastKnownFileType = sourcecode.c.h; path = VoronoiView.h; sourceTree = "<group>"; };
		6FD9DCB015225663006E3B85 /* VoronoiView.m */ = {isa = PBXFileReference; fileEncoding = 4; lastKnownFileType = sourcecode.c.objc; path = VoronoiView.m; sourceTree = "<group>"; };
/* End PBXFileReference section */

/* Begin PBXFrameworksBuildPhase section */
		67173E781D8DBB5900B4C3B2 /* Frameworks */ = {
			isa = PBXFrameworksBuildPhase;
			buildActionMask = 2147483647;
			files = (
			);
			runOnlyForDeploymentPostprocessing = 0;
		};
		6F7BC926151BC2750013CDD7 /* Frameworks */ = {
			isa = PBXFrameworksBuildPhase;
			buildActionMask = 2147483647;
			files = (
				6F7BC92E151BC2750013CDD7 /* Cocoa.framework in Frameworks */,
			);
			runOnlyForDeploymentPostprocessing = 0;
		};
/* End PBXFrameworksBuildPhase section */

/* Begin PBXGroup section */
		67173E7C1D8DBB5900B4C3B2 /* objcvoronoiTests */ = {
			isa = PBXGroup;
			children = (
				67173E7D1D8DBB5900B4C3B2 /* objcvoronoiTests.swift */,
				67173E7F1D8DBB5900B4C3B2 /* Info.plist */,
				67B994B51DC81303002FC22F /* SiteTests.swift */,
			);
			path = objcvoronoiTests;
			sourceTree = "<group>";
		};
		6F7BC91E151BC2750013CDD7 = {
			isa = PBXGroup;
			children = (
				6F7BC933151BC2750013CDD7 /* objcvoronoi */,
				67173E7C1D8DBB5900B4C3B2 /* objcvoronoiTests */,
				6F7BC92C151BC2750013CDD7 /* Frameworks */,
				6F7BC92A151BC2750013CDD7 /* Products */,
			);
			sourceTree = "<group>";
		};
		6F7BC92A151BC2750013CDD7 /* Products */ = {
			isa = PBXGroup;
			children = (
				6F7BC929151BC2750013CDD7 /* objcvoronoi.app */,
				67173E7B1D8DBB5900B4C3B2 /* objcvoronoiTests.xctest */,
			);
			name = Products;
			sourceTree = "<group>";
		};
		6F7BC92C151BC2750013CDD7 /* Frameworks */ = {
			isa = PBXGroup;
			children = (
				6F7BC92D151BC2750013CDD7 /* Cocoa.framework */,
				6F7BC92F151BC2750013CDD7 /* Other Frameworks */,
			);
			name = Frameworks;
			sourceTree = "<group>";
		};
		6F7BC92F151BC2750013CDD7 /* Other Frameworks */ = {
			isa = PBXGroup;
			children = (
				6F7BC930151BC2750013CDD7 /* AppKit.framework */,
				6F7BC931151BC2750013CDD7 /* CoreData.framework */,
				6F7BC932151BC2750013CDD7 /* Foundation.framework */,
			);
			name = "Other Frameworks";
			sourceTree = "<group>";
		};
		6F7BC933151BC2750013CDD7 /* objcvoronoi */ = {
			isa = PBXGroup;
			children = (
				67B994B71DC818B0002FC22F /* objcvoronoi-Bridging-Header.h */,
				6F7BC93F151BC2750013CDD7 /* VoronoiAppDelegate.h */,
				6F7BC940151BC2750013CDD7 /* VoronoiAppDelegate.m */,
				6F7BC942151BC2750013CDD7 /* MainMenu.xib */,
				6FD9DCAC15225267006E3B85 /* VoronoiController.h */,
				6FD9DCAD15225267006E3B85 /* VoronoiController.m */,
				6FD9DCAF15225663006E3B85 /* VoronoiView.h */,
				6FD9DCB015225663006E3B85 /* VoronoiView.m */,
				6FD9DCAB1522524F006E3B85 /* Voronoi */,
				6F7BC934151BC2750013CDD7 /* Supporting Files */,
			);
			path = objcvoronoi;
			sourceTree = "<group>";
		};
		6F7BC934151BC2750013CDD7 /* Supporting Files */ = {
			isa = PBXGroup;
			children = (
				6F7BC935151BC2750013CDD7 /* objcvoronoi-Info.plist */,
				6F7BC936151BC2750013CDD7 /* InfoPlist.strings */,
				6F7BC939151BC2750013CDD7 /* main.m */,
				6F7BC93B151BC2750013CDD7 /* objcvoronoi-Prefix.pch */,
				6F7BC93C151BC2750013CDD7 /* Credits.rtf */,
			);
			name = "Supporting Files";
			sourceTree = "<group>";
		};
		6FD9DCAB1522524F006E3B85 /* Voronoi */ = {
			isa = PBXGroup;
			children = (
				6F7BC965151C1F2C0013CDD7 /* Beachsection.h */,
				6F7BC966151C1F2C0013CDD7 /* Beachsection.m */,
				6F7BC96E151CE2790013CDD7 /* Cell.h */,
				6F7BC96F151CE2790013CDD7 /* Cell.m */,
				6F7BC968151C1F3A0013CDD7 /* CircleEvent.h */,
				6F7BC969151C1F3A0013CDD7 /* CircleEvent.m */,
				6F58B9491526349900923BA9 /* ClayPathMaker.h */,
				6F58B94A1526349900923BA9 /* ClayPathMaker.m */,
				6F58B94C1526959A00923BA9 /* ClayRelaxer.h */,
				6F58B94D1526959A00923BA9 /* ClayRelaxer.m */,
				6FD9DC9E1520F211006E3B85 /* Edge.h */,
				6FD9DC9F1520F211006E3B85 /* Edge.m */,
				6FD9DCA815221268006E3B85 /* Halfedge.h */,
				6FD9DCA915221268006E3B85 /* Halfedge.m */,
				6F7BC95E151C1AB90013CDD7 /* RBTree.h */,
				6F7BC95F151C1AB90013CDD7 /* RBTree.m */,
				6F7BC96B151CD4130013CDD7 /* Site.h */,
				6F7BC96C151CD4130013CDD7 /* Site.m */,
				6FD9DCA51520F72C006E3B85 /* Vertex.h */,
				6FD9DCA61520F72C006E3B85 /* Vertex.m */,
				6F7BC94F151BF67A0013CDD7 /* Voronoi.h */,
				6F7BC950151BF67A0013CDD7 /* Voronoi.m */,
				6F7BC971151CE87C0013CDD7 /* VoronoiResult.h */,
				6F7BC972151CE87C0013CDD7 /* VoronoiResult.m */,
			);
			name = Voronoi;
			sourceTree = "<group>";
		};
/* End PBXGroup section */

/* Begin PBXNativeTarget section */
		67173E7A1D8DBB5900B4C3B2 /* objcvoronoiTests */ = {
			isa = PBXNativeTarget;
			buildConfigurationList = 67173E841D8DBB5900B4C3B2 /* Build configuration list for PBXNativeTarget "objcvoronoiTests" */;
			buildPhases = (
				67173E771D8DBB5900B4C3B2 /* Sources */,
				67173E781D8DBB5900B4C3B2 /* Frameworks */,
				67173E791D8DBB5900B4C3B2 /* Resources */,
			);
			buildRules = (
			);
			dependencies = (
				67173E811D8DBB5900B4C3B2 /* PBXTargetDependency */,
			);
			name = objcvoronoiTests;
			productName = objcvoronoiTests;
			productReference = 67173E7B1D8DBB5900B4C3B2 /* objcvoronoiTests.xctest */;
			productType = "com.apple.product-type.bundle.unit-test";
		};
		6F7BC928151BC2750013CDD7 /* objcvoronoi */ = {
			isa = PBXNativeTarget;
			buildConfigurationList = 6F7BC947151BC2760013CDD7 /* Build configuration list for PBXNativeTarget "objcvoronoi" */;
			buildPhases = (
				6F7BC925151BC2750013CDD7 /* Sources */,
				6F7BC926151BC2750013CDD7 /* Frameworks */,
				6F7BC927151BC2750013CDD7 /* Resources */,
			);
			buildRules = (
			);
			dependencies = (
			);
			name = objcvoronoi;
			productName = objcvoronoi;
			productReference = 6F7BC929151BC2750013CDD7 /* objcvoronoi.app */;
			productType = "com.apple.product-type.application";
		};
/* End PBXNativeTarget section */

/* Begin PBXProject section */
		6F7BC920151BC2750013CDD7 /* Project object */ = {
			isa = PBXProject;
			attributes = {
				LastSwiftUpdateCheck = 0800;
				LastUpgradeCheck = 0800;
				ORGANIZATIONNAME = "The Perihelion Group";
				TargetAttributes = {
					67173E7A1D8DBB5900B4C3B2 = {
						CreatedOnToolsVersion = 8.0;
						DevelopmentTeam = 27UHAFC56C;
						ProvisioningStyle = Automatic;
						TestTargetID = 6F7BC928151BC2750013CDD7;
					};
					6F7BC928151BC2750013CDD7 = {
						LastSwiftMigration = 0800;
					};
				};
			};
			buildConfigurationList = 6F7BC923151BC2750013CDD7 /* Build configuration list for PBXProject "objcvoronoi" */;
			compatibilityVersion = "Xcode 3.2";
			developmentRegion = English;
			hasScannedForEncodings = 0;
			knownRegions = (
				en,
			);
			mainGroup = 6F7BC91E151BC2750013CDD7;
			productRefGroup = 6F7BC92A151BC2750013CDD7 /* Products */;
			projectDirPath = "";
			projectRoot = "";
			targets = (
				6F7BC928151BC2750013CDD7 /* objcvoronoi */,
				67173E7A1D8DBB5900B4C3B2 /* objcvoronoiTests */,
			);
		};
/* End PBXProject section */

/* Begin PBXResourcesBuildPhase section */
		67173E791D8DBB5900B4C3B2 /* Resources */ = {
			isa = PBXResourcesBuildPhase;
			buildActionMask = 2147483647;
			files = (
			);
			runOnlyForDeploymentPostprocessing = 0;
		};
		6F7BC927151BC2750013CDD7 /* Resources */ = {
			isa = PBXResourcesBuildPhase;
			buildActionMask = 2147483647;
			files = (
				6F7BC938151BC2750013CDD7 /* InfoPlist.strings in Resources */,
				6F7BC93E151BC2750013CDD7 /* Credits.rtf in Resources */,
				6F7BC944151BC2760013CDD7 /* MainMenu.xib in Resources */,
			);
			runOnlyForDeploymentPostprocessing = 0;
		};
/* End PBXResourcesBuildPhase section */

/* Begin PBXSourcesBuildPhase section */
		67173E771D8DBB5900B4C3B2 /* Sources */ = {
			isa = PBXSourcesBuildPhase;
			buildActionMask = 2147483647;
			files = (
				67B994B61DC81303002FC22F /* SiteTests.swift in Sources */,
				67173E7E1D8DBB5900B4C3B2 /* objcvoronoiTests.swift in Sources */,
			);
			runOnlyForDeploymentPostprocessing = 0;
		};
		6F7BC925151BC2750013CDD7 /* Sources */ = {
			isa = PBXSourcesBuildPhase;
			buildActionMask = 2147483647;
			files = (
				6F7BC93A151BC2750013CDD7 /* main.m in Sources */,
				6F7BC941151BC2750013CDD7 /* VoronoiAppDelegate.m in Sources */,
				6F7BC951151BF67A0013CDD7 /* Voronoi.m in Sources */,
				6F7BC960151C1AB90013CDD7 /* RBTree.m in Sources */,
				6F7BC967151C1F2C0013CDD7 /* Beachsection.m in Sources */,
				6F7BC96A151C1F3A0013CDD7 /* CircleEvent.m in Sources */,
				6F7BC96D151CD4130013CDD7 /* Site.m in Sources */,
				6F7BC970151CE2790013CDD7 /* Cell.m in Sources */,
				6F7BC973151CE87C0013CDD7 /* VoronoiResult.m in Sources */,
				6FD9DCA01520F211006E3B85 /* Edge.m in Sources */,
				6FD9DCA71520F72C006E3B85 /* Vertex.m in Sources */,
				6FD9DCAA15221268006E3B85 /* Halfedge.m in Sources */,
				6FD9DCAE15225267006E3B85 /* VoronoiController.m in Sources */,
				6FD9DCB115225663006E3B85 /* VoronoiView.m in Sources */,
				6F58B94B1526349900923BA9 /* ClayPathMaker.m in Sources */,
				6F58B94E1526959A00923BA9 /* ClayRelaxer.m in Sources */,
			);
			runOnlyForDeploymentPostprocessing = 0;
		};
/* End PBXSourcesBuildPhase section */

/* Begin PBXTargetDependency section */
		67173E811D8DBB5900B4C3B2 /* PBXTargetDependency */ = {
			isa = PBXTargetDependency;
			target = 6F7BC928151BC2750013CDD7 /* objcvoronoi */;
			targetProxy = 67173E801D8DBB5900B4C3B2 /* PBXContainerItemProxy */;
		};
/* End PBXTargetDependency section */

/* Begin PBXVariantGroup section */
		6F7BC936151BC2750013CDD7 /* InfoPlist.strings */ = {
			isa = PBXVariantGroup;
			children = (
				6F7BC937151BC2750013CDD7 /* en */,
			);
			name = InfoPlist.strings;
			sourceTree = "<group>";
		};
		6F7BC93C151BC2750013CDD7 /* Credits.rtf */ = {
			isa = PBXVariantGroup;
			children = (
				6F7BC93D151BC2750013CDD7 /* en */,
			);
			name = Credits.rtf;
			sourceTree = "<group>";
		};
		6F7BC942151BC2750013CDD7 /* MainMenu.xib */ = {
			isa = PBXVariantGroup;
			children = (
				6F7BC943151BC2760013CDD7 /* en */,
			);
			name = MainMenu.xib;
			sourceTree = "<group>";
		};
/* End PBXVariantGroup section */

/* Begin XCBuildConfiguration section */
		67173E821D8DBB5900B4C3B2 /* Debug */ = {
			isa = XCBuildConfiguration;
			buildSettings = {
				BUNDLE_LOADER = "$(TEST_HOST)";
				CLANG_ANALYZER_NONNULL = YES;
				CLANG_CXX_LANGUAGE_STANDARD = "gnu++0x";
				CLANG_CXX_LIBRARY = "libc++";
				CLANG_ENABLE_MODULES = YES;
				CLANG_WARN_DIRECT_OBJC_ISA_USAGE = YES_ERROR;
				CLANG_WARN_DOCUMENTATION_COMMENTS = YES;
				CLANG_WARN_OBJC_ROOT_CLASS = YES_ERROR;
				CLANG_WARN_SUSPICIOUS_MOVES = YES;
				CODE_SIGN_IDENTITY = "-";
				COMBINE_HIDPI_IMAGES = YES;
				DEBUG_INFORMATION_FORMAT = dwarf;
				DEVELOPMENT_TEAM = 27UHAFC56C;
				GCC_WARN_ABOUT_RETURN_TYPE = YES_ERROR;
				GCC_WARN_UNINITIALIZED_AUTOS = YES_AGGRESSIVE;
				INFOPLIST_FILE = objcvoronoiTests/Info.plist;
				LD_RUNPATH_SEARCH_PATHS = "$(inherited) @executable_path/../Frameworks @loader_path/../Frameworks";
				MACOSX_DEPLOYMENT_TARGET = 10.12;
				MTL_ENABLE_DEBUG_INFO = YES;
				PRODUCT_BUNDLE_IDENTIFIER = com.edf.objcvoronoiTests;
				PRODUCT_NAME = "$(TARGET_NAME)";
				SWIFT_ACTIVE_COMPILATION_CONDITIONS = DEBUG;
				SWIFT_OBJC_BRIDGING_HEADER = "objcvoronoi/objcvoronoi-Bridging-Header.h";
				SWIFT_OPTIMIZATION_LEVEL = "-Onone";
				SWIFT_VERSION = 3.0;
				TEST_HOST = "$(BUILT_PRODUCTS_DIR)/objcvoronoi.app/Contents/MacOS/objcvoronoi";
			};
			name = Debug;
		};
		67173E831D8DBB5900B4C3B2 /* Release */ = {
			isa = XCBuildConfiguration;
			buildSettings = {
				BUNDLE_LOADER = "$(TEST_HOST)";
				CLANG_ANALYZER_NONNULL = YES;
				CLANG_CXX_LANGUAGE_STANDARD = "gnu++0x";
				CLANG_CXX_LIBRARY = "libc++";
				CLANG_ENABLE_MODULES = YES;
				CLANG_WARN_DIRECT_OBJC_ISA_USAGE = YES_ERROR;
				CLANG_WARN_DOCUMENTATION_COMMENTS = YES;
				CLANG_WARN_OBJC_ROOT_CLASS = YES_ERROR;
				CLANG_WARN_SUSPICIOUS_MOVES = YES;
				CODE_SIGN_IDENTITY = "-";
				COMBINE_HIDPI_IMAGES = YES;
				COPY_PHASE_STRIP = NO;
				DEVELOPMENT_TEAM = 27UHAFC56C;
				ENABLE_NS_ASSERTIONS = NO;
				GCC_WARN_ABOUT_RETURN_TYPE = YES_ERROR;
				GCC_WARN_UNINITIALIZED_AUTOS = YES_AGGRESSIVE;
				INFOPLIST_FILE = objcvoronoiTests/Info.plist;
				LD_RUNPATH_SEARCH_PATHS = "$(inherited) @executable_path/../Frameworks @loader_path/../Frameworks";
				MACOSX_DEPLOYMENT_TARGET = 10.12;
				MTL_ENABLE_DEBUG_INFO = NO;
				PRODUCT_BUNDLE_IDENTIFIER = com.edf.objcvoronoiTests;
				PRODUCT_NAME = "$(TARGET_NAME)";
				SWIFT_OBJC_BRIDGING_HEADER = "objcvoronoi/objcvoronoi-Bridging-Header.h";
				SWIFT_OPTIMIZATION_LEVEL = "-Owholemodule";
				SWIFT_VERSION = 3.0;
				TEST_HOST = "$(BUILT_PRODUCTS_DIR)/objcvoronoi.app/Contents/MacOS/objcvoronoi";
			};
			name = Release;
		};
		6F7BC945151BC2760013CDD7 /* Debug */ = {
			isa = XCBuildConfiguration;
			buildSettings = {
				ALWAYS_SEARCH_USER_PATHS = NO;
				CLANG_ENABLE_OBJC_ARC = YES;
				CLANG_WARN_BOOL_CONVERSION = YES;
				CLANG_WARN_CONSTANT_CONVERSION = YES;
				CLANG_WARN_EMPTY_BODY = YES;
				CLANG_WARN_ENUM_CONVERSION = YES;
				CLANG_WARN_INFINITE_RECURSION = YES;
				CLANG_WARN_INT_CONVERSION = YES;
				CLANG_WARN_SUSPICIOUS_MOVE = YES;
				CLANG_WARN_UNREACHABLE_CODE = YES;
				CLANG_WARN__DUPLICATE_METHOD_MATCH = YES;
				COPY_PHASE_STRIP = NO;
				ENABLE_STRICT_OBJC_MSGSEND = YES;
				ENABLE_TESTABILITY = YES;
				GCC_C_LANGUAGE_STANDARD = gnu99;
				GCC_DYNAMIC_NO_PIC = NO;
				GCC_ENABLE_OBJC_EXCEPTIONS = YES;
				GCC_NO_COMMON_BLOCKS = YES;
				GCC_OPTIMIZATION_LEVEL = 0;
				GCC_PREPROCESSOR_DEFINITIONS = (
					"DEBUG=1",
					"$(inherited)",
				);
				GCC_SYMBOLS_PRIVATE_EXTERN = NO;
				GCC_VERSION = com.apple.compilers.llvm.clang.1_0;
				GCC_WARN_64_TO_32_BIT_CONVERSION = YES;
				GCC_WARN_ABOUT_MISSING_PROTOTYPES = YES;
				GCC_WARN_ABOUT_RETURN_TYPE = YES;
				GCC_WARN_UNDECLARED_SELECTOR = YES;
				GCC_WARN_UNINITIALIZED_AUTOS = YES;
				GCC_WARN_UNUSED_FUNCTION = YES;
				GCC_WARN_UNUSED_VARIABLE = YES;
				MACOSX_DEPLOYMENT_TARGET = 10.11;
				ONLY_ACTIVE_ARCH = YES;
				SDKROOT = macosx;
			};
			name = Debug;
		};
		6F7BC946151BC2760013CDD7 /* Release */ = {
			isa = XCBuildConfiguration;
			buildSettings = {
				ALWAYS_SEARCH_USER_PATHS = NO;
				CLANG_ENABLE_OBJC_ARC = YES;
				CLANG_WARN_BOOL_CONVERSION = YES;
				CLANG_WARN_CONSTANT_CONVERSION = YES;
				CLANG_WARN_EMPTY_BODY = YES;
				CLANG_WARN_ENUM_CONVERSION = YES;
				CLANG_WARN_INFINITE_RECURSION = YES;
				CLANG_WARN_INT_CONVERSION = YES;
				CLANG_WARN_SUSPICIOUS_MOVE = YES;
				CLANG_WARN_UNREACHABLE_CODE = YES;
				CLANG_WARN__DUPLICATE_METHOD_MATCH = YES;
				COPY_PHASE_STRIP = YES;
				DEBUG_INFORMATION_FORMAT = "dwarf-with-dsym";
				ENABLE_STRICT_OBJC_MSGSEND = YES;
				GCC_C_LANGUAGE_STANDARD = gnu99;
				GCC_ENABLE_OBJC_EXCEPTIONS = YES;
				GCC_NO_COMMON_BLOCKS = YES;
				GCC_VERSION = com.apple.compilers.llvm.clang.1_0;
				GCC_WARN_64_TO_32_BIT_CONVERSION = YES;
				GCC_WARN_ABOUT_MISSING_PROTOTYPES = YES;
				GCC_WARN_ABOUT_RETURN_TYPE = YES;
				GCC_WARN_UNDECLARED_SELECTOR = YES;
				GCC_WARN_UNINITIALIZED_AUTOS = YES;
				GCC_WARN_UNUSED_FUNCTION = YES;
				GCC_WARN_UNUSED_VARIABLE = YES;
				MACOSX_DEPLOYMENT_TARGET = 10.11;
				SDKROOT = macosx;
			};
			name = Release;
		};
		6F7BC948151BC2760013CDD7 /* Debug */ = {
			isa = XCBuildConfiguration;
			buildSettings = {
				CLANG_ENABLE_MODULES = YES;
				CLANG_USE_OPTIMIZATION_PROFILE = NO;
				COMBINE_HIDPI_IMAGES = YES;
				DEFINES_MODULE = YES;
				GCC_OPTIMIZATION_LEVEL = 0;
				GCC_PRECOMPILE_PREFIX_HEADER = YES;
				GCC_PREFIX_HEADER = "objcvoronoi/objcvoronoi-Prefix.pch";
				GCC_WARN_PEDANTIC = YES;
				GCC_WARN_SHADOW = YES;
				INFOPLIST_FILE = "objcvoronoi/objcvoronoi-Info.plist";
				LD_RUNPATH_SEARCH_PATHS = "$(inherited) @executable_path/../Frameworks";
				LLVM_LTO = NO;
				MACOSX_DEPLOYMENT_TARGET = 10.11;
				PRODUCT_BUNDLE_IDENTIFIER = com.edf.objcvoronoi;
				PRODUCT_NAME = "$(TARGET_NAME)";
				SWIFT_OBJC_BRIDGING_HEADER = "objcvoronoi/objcvoronoi-Bridging-Header.h";
				SWIFT_OPTIMIZATION_LEVEL = "-Onone";
				SWIFT_VERSION = 3.0;
				WRAPPER_EXTENSION = app;
			};
			name = Debug;
		};
		6F7BC949151BC2760013CDD7 /* Release */ = {
			isa = XCBuildConfiguration;
			buildSettings = {
				CLANG_ENABLE_MODULES = YES;
				CLANG_USE_OPTIMIZATION_PROFILE = NO;
				COMBINE_HIDPI_IMAGES = YES;
				DEFINES_MODULE = YES;
				GCC_OPTIMIZATION_LEVEL = fast;
				GCC_PRECOMPILE_PREFIX_HEADER = YES;
				GCC_PREFIX_HEADER = "objcvoronoi/objcvoronoi-Prefix.pch";
				GCC_WARN_PEDANTIC = YES;
				GCC_WARN_SHADOW = YES;
				INFOPLIST_FILE = "objcvoronoi/objcvoronoi-Info.plist";
				LD_RUNPATH_SEARCH_PATHS = "$(inherited) @executable_path/../Frameworks";
				LLVM_LTO = NO;
				MACOSX_DEPLOYMENT_TARGET = 10.11;
				PRODUCT_BUNDLE_IDENTIFIER = com.edf.objcvoronoi;
				PRODUCT_NAME = "$(TARGET_NAME)";
				SWIFT_OBJC_BRIDGING_HEADER = "objcvoronoi/objcvoronoi-Bridging-Header.h";
				SWIFT_VERSION = 3.0;
				WRAPPER_EXTENSION = app;
			};
			name = Release;
		};
/* End XCBuildConfiguration section */

/* Begin XCConfigurationList section */
		67173E841D8DBB5900B4C3B2 /* Build configuration list for PBXNativeTarget "objcvoronoiTests" */ = {
			isa = XCConfigurationList;
			buildConfigurations = (
				67173E821D8DBB5900B4C3B2 /* Debug */,
				67173E831D8DBB5900B4C3B2 /* Release */,
			);
			defaultConfigurationIsVisible = 0;
			defaultConfigurationName = Release;
		};
		6F7BC923151BC2750013CDD7 /* Build configuration list for PBXProject "objcvoronoi" */ = {
			isa = XCConfigurationList;
			buildConfigurations = (
				6F7BC945151BC2760013CDD7 /* Debug */,
				6F7BC946151BC2760013CDD7 /* Release */,
			);
			defaultConfigurationIsVisible = 0;
			defaultConfigurationName = Release;
		};
		6F7BC947151BC2760013CDD7 /* Build configuration list for PBXNativeTarget "objcvoronoi" */ = {
			isa = XCConfigurationList;
			buildConfigurations = (
				6F7BC948151BC2760013CDD7 /* Debug */,
				6F7BC949151BC2760013CDD7 /* Release */,
			);
			defaultConfigurationIsVisible = 0;
			defaultConfigurationName = Release;
		};
/* End XCConfigurationList section */
	};
	rootObject = 6F7BC920151BC2750013CDD7 /* Project object */;
}
